# Generated by UI Preflight from the approved wireframe. Do not edit by hand:
# change the wireframe, then re-run `preflight check` and `approve`.
preflight_lock: layout
version: 1
status: approved
source: {file: wireframes/v5.html, sha256: cf583359604dfa6b5f6e00088f881287c3aeb765b642e3d210bf9585da7de42a}
extracted_at: "2026-09-29T02:25:21+00:00"
platform: mobile
breakpoints: {mobile: 375}
approved: {version: 5, at: "2026-09-29T02:25:21+00:00", quote: "v5로 진행하자.", evidence: verified}
screens:
  today:
    mobile:
      order: [top-bar, content, bottom-tabs]
      regions:
        top-bar: {sticky: top}
        content:
          children: [streak-banner, my-card, partner-card]
          arrange: column
        bottom-tabs: {sticky: bottom}
  nudge-sent:
    mobile:
      order: [nudge-sheet]
      regions: {}
  today-nudged:
    mobile:
      order: [top-bar, content, bottom-tabs]
      regions:
        top-bar: {sticky: top}
        content:
          children: [streak-banner, my-card, partner-card]
          arrange: column
        bottom-tabs: {sticky: bottom}
  today-partner-done:
    mobile:
      order: [top-bar, content, bottom-tabs]
      regions:
        top-bar: {sticky: top}
        content:
          children: [streak-banner, my-card, partner-card]
          arrange: column
        partner-card:
          children: [reactions, partner-media]
          arrange: column
        bottom-tabs: {sticky: bottom}
  today-me-done:
    mobile:
      order: [top-bar, content, bottom-tabs]
      regions:
        top-bar: {sticky: top}
        content:
          children: [streak-banner, my-card, partner-card]
          arrange: column
        my-card:
          children: [my-media]
          arrange: single
        bottom-tabs: {sticky: bottom}
  log-exercise:
    mobile:
      order: [flow-bar, exercise-picker, flow-actions]
      regions:
        exercise-picker:
          children: [my-exercises]
          arrange: single
        flow-actions: {sticky: bottom}
  exercise-add:
    mobile:
      order: [exercise-add-sheet]
      regions: {}
  log-media:
    mobile:
      order: [flow-bar, media-picker, flow-actions]
      regions:
        flow-actions: {sticky: bottom}
  log-done:
    mobile:
      order: [done-celebration, done-actions]
      regions:
        done-actions: {sticky: bottom}
  both-success:
    mobile:
      order: [both-celebration, both-actions]
      regions:
        both-celebration:
          children: [pair-summary]
          arrange: single
        pair-summary:
          children: [pair-me, pair-partner]
          arrange: column
        both-actions: {sticky: bottom}
  today-both:
    mobile:
      order: [top-bar, content, bottom-tabs]
      regions:
        top-bar: {sticky: top}
        content:
          children: [streak-banner, my-card, partner-card]
          arrange: column
        my-card:
          children: [my-media]
          arrange: single
        partner-card:
          children: [reactions, partner-media]
          arrange: column
        bottom-tabs: {sticky: bottom}
  story-viewer:
    mobile:
      order: [story-top, story-media, story-reactions]
      regions:
        story-top:
          children: [story-progress, story-header]
          arrange: column
          sticky: top
        story-reactions: {sticky: bottom}
  history:
    mobile:
      order: [top-bar, history-body, bottom-tabs]
      regions:
        top-bar: {sticky: top}
        history-body:
          children: [month-nav, calendar-grid, calendar-legend]
          arrange: column
        bottom-tabs: {sticky: bottom}
  history-day:
    mobile:
      order: [top-bar, day-detail]
      regions:
        top-bar: {sticky: top}
        day-detail:
          children: [day-me, day-partner]
          arrange: column
        day-partner:
          children: [day-reactions]
          arrange: single
  connect:
    mobile:
      order: [top-bar, connect-body]
      regions:
        top-bar: {sticky: top}
        connect-body:
          children: [connect-intro, invite, code-entry]
          arrange: column
